// !$*UTF8*$!
{
	archiveVersion = 1;
	classes = {
	};
	objectVersion = 48;
	objects = {

/* Begin PBXBuildFile section */
		8D9A3118246CBD600D931508 /* Pods_SnackFeed.framework in Frameworks */ = {isa = PBXBuildFile; fileRef = 6ED11FBEDFFB1ED40BA041A1 /* Pods_SnackFeed.framework */; };
		AE20BD331FC91E7800BAE0F4 /* SnackViewController.swift in Sources */ = {isa = PBXBuildFile; fileRef = AE20BD321FC91E7800BAE0F4 /* SnackViewController.swift */; };
		AE20BD351FCA93C500BAE0F4 /* FeedNavigationController.swift in Sources */ = {isa = PBXBuildFile; fileRef = AE20BD341FCA93C500BAE0F4 /* FeedNavigationController.swift */; };
		AE20BD391FCB7EA700BAE0F4 /* Date+TimeAgo.swift in Sources */ = {isa = PBXBuildFile; fileRef = AE20BD381FCB7EA700BAE0F4 /* Date+TimeAgo.swift */; };
		AE20BD3B1FCBDAF100BAE0F4 /* SnackView.swift in Sources */ = {isa = PBXBuildFile; fileRef = AE20BD3A1FCBDAF100BAE0F4 /* SnackView.swift */; };
		AE3B9A471FAAD17200C37543 /* Keys.swift in Sources */ = {isa = PBXBuildFile; fileRef = AE3B9A461FAAD17200C37543 /* Keys.swift */; };
		AE661B7C1FD9249A002E6B7C /* CommentCell.swift in Sources */ = {isa = PBXBuildFile; fileRef = AE661B7B1FD9249A002E6B7C /* CommentCell.swift */; };
		AE8B92CD2017BC4800B839B7 /* AddSnackViewController.swift in Sources */ = {isa = PBXBuildFile; fileRef = AE8B92CC2017BC4800B839B7 /* AddSnackViewController.swift */; };
		AEC728232007E6C200DD76F8 /* AddCommentView.swift in Sources */ = {isa = PBXBuildFile; fileRef = AEC728222007E6C200DD76F8 /* AddCommentView.swift */; };
		AEC897411F82F7A60099E07B /* AppDelegate.swift in Sources */ = {isa = PBXBuildFile; fileRef = AEC897401F82F7A60099E07B /* AppDelegate.swift */; };
		AEC897431F82F7A60099E07B /* FeedViewController.swift in Sources */ = {isa = PBXBuildFile; fileRef = AEC897421F82F7A60099E07B /* FeedViewController.swift */; };
		AEC897461F82F7A60099E07B /* Main.storyboard in Resources */ = {isa = PBXBuildFile; fileRef = AEC897441F82F7A60099E07B /* Main.storyboard */; };
		AEC897491F82F7A60099E07B /* SnackFeed.xcdatamodeld in Sources */ = {isa = PBXBuildFile; fileRef = AEC897471F82F7A60099E07B /* SnackFeed.xcdatamodeld */; };
		AEC8974B1F82F7A60099E07B /* Assets.xcassets in Resources */ = {isa = PBXBuildFile; fileRef = AEC8974A1F82F7A60099E07B /* Assets.xcassets */; };
		AEC8974E1F82F7A60099E07B /* LaunchScreen.storyboard in Resources */ = {isa = PBXBuildFile; fileRef = AEC8974C1F82F7A60099E07B /* LaunchScreen.storyboard */; };
		AEC897591F82F7A60099E07B /* SnackFeedTests.swift in Sources */ = {isa = PBXBuildFile; fileRef = AEC897581F82F7A60099E07B /* SnackFeedTests.swift */; };
		AEC897641F82F7A60099E07B /* SnackFeedUITests.swift in Sources */ = {isa = PBXBuildFile; fileRef = AEC897631F82F7A60099E07B /* SnackFeedUITests.swift */; };
		AEC897721F84811F0099E07B /* SnackCell.swift in Sources */ = {isa = PBXBuildFile; fileRef = AEC897711F84811F0099E07B /* SnackCell.swift */; };
		AECE504820201FDE00790A89 /* LoginViewController.swift in Sources */ = {isa = PBXBuildFile; fileRef = AECE504720201FDE00790A89 /* LoginViewController.swift */; };
		AEE2F2411F9C680700F9F88C /* SnackFeed.ttf in Resources */ = {isa = PBXBuildFile; fileRef = AEE2F2401F9C680600F9F88C /* SnackFeed.ttf */; };
		AEEF830D1FA2F113009F307D /* UIColor.swift in Sources */ = {isa = PBXBuildFile; fileRef = AEEF830C1FA2F113009F307D /* UIColor.swift */; };
/* End PBXBuildFile section */

/* Begin PBXContainerItemProxy section */
		AEC897551F82F7A60099E07B /* PBXContainerItemProxy */ = {
			isa = PBXContainerItemProxy;
			containerPortal = AEC897351F82F7A60099E07B /* Project object */;
			proxyType = 1;
			remoteGlobalIDString = AEC8973C1F82F7A60099E07B;
			remoteInfo = SnackFeed;
		};
		AEC897601F82F7A60099E07B /* PBXContainerItemProxy */ = {
			isa = PBXContainerItemProxy;
			containerPortal = AEC897351F82F7A60099E07B /* Project object */;
			proxyType = 1;
			remoteGlobalIDString = AEC8973C1F82F7A60099E07B;
			remoteInfo = SnackFeed;
		};
/* End PBXContainerItemProxy section */

/* Begin PBXFileReference section */
		661FCCB8F51193D686326C8E /* Pods-SnackFeed.release.xcconfig */ = {isa = PBXFileReference; includeInIndex = 1; lastKnownFileType = text.xcconfig; name = "Pods-SnackFeed.release.xcconfig"; path = "Pods/Target Support Files/Pods-SnackFeed/Pods-SnackFeed.release.xcconfig"; sourceTree = "<group>"; };
		662C1D00A253B7F35AC276D8 /* Pods-SnackFeed.debug.xcconfig */ = {isa = PBXFileReference; includeInIndex = 1; lastKnownFileType = text.xcconfig; name = "Pods-SnackFeed.debug.xcconfig"; path = "Pods/Target Support Files/Pods-SnackFeed/Pods-SnackFeed.debug.xcconfig"; sourceTree = "<group>"; };
		6ED11FBEDFFB1ED40BA041A1 /* Pods_SnackFeed.framework */ = {isa = PBXFileReference; explicitFileType = wrapper.framework; includeInIndex = 0; path = Pods_SnackFeed.framework; sourceTree = BUILT_PRODUCTS_DIR; };
		AE20BD321FC91E7800BAE0F4 /* SnackViewController.swift */ = {isa = PBXFileReference; lastKnownFileType = sourcecode.swift; path = SnackViewController.swift; sourceTree = "<group>"; };
		AE20BD341FCA93C500BAE0F4 /* FeedNavigationController.swift */ = {isa = PBXFileReference; lastKnownFileType = sourcecode.swift; path = FeedNavigationController.swift; sourceTree = "<group>"; };
		AE20BD381FCB7EA700BAE0F4 /* Date+TimeAgo.swift */ = {isa = PBXFileReference; lastKnownFileType = sourcecode.swift; path = "Date+TimeAgo.swift"; sourceTree = "<group>"; };
		AE20BD3A1FCBDAF100BAE0F4 /* SnackView.swift */ = {isa = PBXFileReference; lastKnownFileType = sourcecode.swift; path = SnackView.swift; sourceTree = "<group>"; };
		AE3B9A461FAAD17200C37543 /* Keys.swift */ = {isa = PBXFileReference; lastKnownFileType = sourcecode.swift; path = Keys.swift; sourceTree = "<group>"; };
		AE661B7B1FD9249A002E6B7C /* CommentCell.swift */ = {isa = PBXFileReference; lastKnownFileType = sourcecode.swift; path = CommentCell.swift; sourceTree = "<group>"; };
		AE8B92CC2017BC4800B839B7 /* AddSnackViewController.swift */ = {isa = PBXFileReference; lastKnownFileType = sourcecode.swift; path = AddSnackViewController.swift; sourceTree = "<group>"; };
		AEC728222007E6C200DD76F8 /* AddCommentView.swift */ = {isa = PBXFileReference; lastKnownFileType = sourcecode.swift; path = AddCommentView.swift; sourceTree = "<group>"; };
		AEC8973D1F82F7A60099E07B /* SnackFeed.app */ = {isa = PBXFileReference; explicitFileType = wrapper.application; includeInIndex = 0; path = SnackFeed.app; sourceTree = BUILT_PRODUCTS_DIR; };
		AEC897401F82F7A60099E07B /* AppDelegate.swift */ = {isa = PBXFileReference; lastKnownFileType = sourcecode.swift; path = AppDelegate.swift; sourceTree = "<group>"; };
		AEC897421F82F7A60099E07B /* FeedViewController.swift */ = {isa = PBXFileReference; lastKnownFileType = sourcecode.swift; path = FeedViewController.swift; sourceTree = "<group>"; };
		AEC897451F82F7A60099E07B /* Base */ = {isa = PBXFileReference; lastKnownFileType = file.storyboard; name = Base; path = Base.lproj/Main.storyboard; sourceTree = "<group>"; };
		AEC897481F82F7A60099E07B /* SnackFeed.xcdatamodel */ = {isa = PBXFileReference; lastKnownFileType = wrapper.xcdatamodel; path = SnackFeed.xcdatamodel; sourceTree = "<group>"; };
		AEC8974A1F82F7A60099E07B /* Assets.xcassets */ = {isa = PBXFileReference; lastKnownFileType = folder.assetcatalog; path = Assets.xcassets; sourceTree = "<group>"; };
		AEC8974D1F82F7A60099E07B /* Base */ = {isa = PBXFileReference; lastKnownFileType = file.storyboard; name = Base; path = Base.lproj/LaunchScreen.storyboard; sourceTree = "<group>"; };
		AEC8974F1F82F7A60099E07B /* Info.plist */ = {isa = PBXFileReference; lastKnownFileType = text.plist.xml; path = Info.plist; sourceTree = "<group>"; };
		AEC897541F82F7A60099E07B /* SnackFeedTests.xctest */ = {isa = PBXFileReference; explicitFileType = wrapper.cfbundle; includeInIndex = 0; path = SnackFeedTests.xctest; sourceTree = BUILT_PRODUCTS_DIR; };
		AEC897581F82F7A60099E07B /* SnackFeedTests.swift */ = {isa = PBXFileReference; lastKnownFileType = sourcecode.swift; path = SnackFeedTests.swift; sourceTree = "<group>"; };
		AEC8975A1F82F7A60099E07B /* Info.plist */ = {isa = PBXFileReference; lastKnownFileType = text.plist.xml; path = Info.plist; sourceTree = "<group>"; };
		AEC8975F1F82F7A60099E07B /* SnackFeedUITests.xctest */ = {isa = PBXFileReference; explicitFileType = wrapper.cfbundle; includeInIndex = 0; path = SnackFeedUITests.xctest; sourceTree = BUILT_PRODUCTS_DIR; };
		AEC897631F82F7A60099E07B /* SnackFeedUITests.swift */ = {isa = PBXFileReference; lastKnownFileType = sourcecode.swift; path = SnackFeedUITests.swift; sourceTree = "<group>"; };
		AEC897651F82F7A60099E07B /* Info.plist */ = {isa = PBXFileReference; lastKnownFileType = text.plist.xml; path = Info.plist; sourceTree = "<group>"; };
		AEC897711F84811F0099E07B /* SnackCell.swift */ = {isa = PBXFileReference; lastKnownFileType = sourcecode.swift; path = SnackCell.swift; sourceTree = "<group>"; };
		AECE504720201FDE00790A89 /* LoginViewController.swift */ = {isa = PBXFileReference; lastKnownFileType = sourcecode.swift; path = LoginViewController.swift; sourceTree = "<group>"; };
		AEE2F2401F9C680600F9F88C /* SnackFeed.ttf */ = {isa = PBXFileReference; lastKnownFileType = file; path = SnackFeed.ttf; sourceTree = "<group>"; };
		AEEF830C1FA2F113009F307D /* UIColor.swift */ = {isa = PBXFileReference; fileEncoding = 4; lastKnownFileType = sourcecode.swift; path = UIColor.swift; sourceTree = "<group>"; };
/* End PBXFileReference section */

/* Begin PBXFrameworksBuildPhase section */
		AEC8973A1F82F7A60099E07B /* Frameworks */ = {
			isa = PBXFrameworksBuildPhase;
			buildActionMask = 2147483647;
			files = (
				8D9A3118246CBD600D931508 /* Pods_SnackFeed.framework in Frameworks */,
			);
			runOnlyForDeploymentPostprocessing = 0;
		};
		AEC897511F82F7A60099E07B /* Frameworks */ = {
			isa = PBXFrameworksBuildPhase;
			buildActionMask = 2147483647;
			files = (
			);
			runOnlyForDeploymentPostprocessing = 0;
		};
		AEC8975C1F82F7A60099E07B /* Frameworks */ = {
			isa = PBXFrameworksBuildPhase;
			buildActionMask = 2147483647;
			files = (
			);
			runOnlyForDeploymentPostprocessing = 0;
		};
/* End PBXFrameworksBuildPhase section */

/* Begin PBXGroup section */
		0351EDE9C97FEA46C3E06F2C /* Pods */ = {
			isa = PBXGroup;
			children = (
				662C1D00A253B7F35AC276D8 /* Pods-SnackFeed.debug.xcconfig */,
				661FCCB8F51193D686326C8E /* Pods-SnackFeed.release.xcconfig */,
			);
			name = Pods;
			sourceTree = "<group>";
		};
		64FDF988EE7722CF43E610AE /* Frameworks */ = {
			isa = PBXGroup;
			children = (
				6ED11FBEDFFB1ED40BA041A1 /* Pods_SnackFeed.framework */,
			);
			name = Frameworks;
			sourceTree = "<group>";
		};
		AEC897341F82F7A60099E07B = {
			isa = PBXGroup;
			children = (
				AEC8973F1F82F7A60099E07B /* SnackFeed */,
				AEC897571F82F7A60099E07B /* SnackFeedTests */,
				AEC897621F82F7A60099E07B /* SnackFeedUITests */,
				AEC8973E1F82F7A60099E07B /* Products */,
				0351EDE9C97FEA46C3E06F2C /* Pods */,
				64FDF988EE7722CF43E610AE /* Frameworks */,
			);
			sourceTree = "<group>";
		};
		AEC8973E1F82F7A60099E07B /* Products */ = {
			isa = PBXGroup;
			children = (
				AEC8973D1F82F7A60099E07B /* SnackFeed.app */,
				AEC897541F82F7A60099E07B /* SnackFeedTests.xctest */,
				AEC8975F1F82F7A60099E07B /* SnackFeedUITests.xctest */,
			);
			name = Products;
			sourceTree = "<group>";
		};
		AEC8973F1F82F7A60099E07B /* SnackFeed */ = {
			isa = PBXGroup;
			children = (
				AEC897401F82F7A60099E07B /* AppDelegate.swift */,
				AEC897421F82F7A60099E07B /* FeedViewController.swift */,
				AE20BD321FC91E7800BAE0F4 /* SnackViewController.swift */,
				AEC728222007E6C200DD76F8 /* AddCommentView.swift */,
				AE20BD341FCA93C500BAE0F4 /* FeedNavigationController.swift */,
				AE20BD381FCB7EA700BAE0F4 /* Date+TimeAgo.swift */,
				AE20BD3A1FCBDAF100BAE0F4 /* SnackView.swift */,
				AEC897711F84811F0099E07B /* SnackCell.swift */,
				AE661B7B1FD9249A002E6B7C /* CommentCell.swift */,
				AEEF830C1FA2F113009F307D /* UIColor.swift */,
				AEC897441F82F7A60099E07B /* Main.storyboard */,
				AEC8974A1F82F7A60099E07B /* Assets.xcassets */,
				AEC8974C1F82F7A60099E07B /* LaunchScreen.storyboard */,
				AEC8974F1F82F7A60099E07B /* Info.plist */,
				AEC897471F82F7A60099E07B /* SnackFeed.xcdatamodeld */,
				AEE2F2401F9C680600F9F88C /* SnackFeed.ttf */,
				AE3B9A461FAAD17200C37543 /* Keys.swift */,
				AE8B92CC2017BC4800B839B7 /* AddSnackViewController.swift */,
				AECE504720201FDE00790A89 /* LoginViewController.swift */,
			);
			path = SnackFeed;
			sourceTree = "<group>";
		};
		AEC897571F82F7A60099E07B /* SnackFeedTests */ = {
			isa = PBXGroup;
			children = (
				AEC897581F82F7A60099E07B /* SnackFeedTests.swift */,
				AEC8975A1F82F7A60099E07B /* Info.plist */,
			);
			path = SnackFeedTests;
			sourceTree = "<group>";
		};
		AEC897621F82F7A60099E07B /* SnackFeedUITests */ = {
			isa = PBXGroup;
			children = (
				AEC897631F82F7A60099E07B /* SnackFeedUITests.swift */,
				AEC897651F82F7A60099E07B /* Info.plist */,
			);
			path = SnackFeedUITests;
			sourceTree = "<group>";
		};
/* End PBXGroup section */

/* Begin PBXNativeTarget section */
		AEC8973C1F82F7A60099E07B /* SnackFeed */ = {
			isa = PBXNativeTarget;
			buildConfigurationList = AEC897681F82F7A60099E07B /* Build configuration list for PBXNativeTarget "SnackFeed" */;
			buildPhases = (
				3A7291DB68F1E2324CD569F7 /* [CP] Check Pods Manifest.lock */,
				AEC897391F82F7A60099E07B /* Sources */,
				AEC8973A1F82F7A60099E07B /* Frameworks */,
				AEC8973B1F82F7A60099E07B /* Resources */,
				9C94C1BEE4A79539790DD56D /* [CP] Embed Pods Frameworks */,
				62D6DF71C651D3F2E2E7EEB6 /* [CP] Copy Pods Resources */,
			);
			buildRules = (
			);
			dependencies = (
			);
			name = SnackFeed;
			productName = SnackFeed;
			productReference = AEC8973D1F82F7A60099E07B /* SnackFeed.app */;
			productType = "com.apple.product-type.application";
		};
		AEC897531F82F7A60099E07B /* SnackFeedTests */ = {
			isa = PBXNativeTarget;
			buildConfigurationList = AEC8976B1F82F7A60099E07B /* Build configuration list for PBXNativeTarget "SnackFeedTests" */;
			buildPhases = (
				AEC897501F82F7A60099E07B /* Sources */,
				AEC897511F82F7A60099E07B /* Frameworks */,
				AEC897521F82F7A60099E07B /* Resources */,
			);
			buildRules = (
			);
			dependencies = (
				AEC897561F82F7A60099E07B /* PBXTargetDependency */,
			);
			name = SnackFeedTests;
			productName = SnackFeedTests;
			productReference = AEC897541F82F7A60099E07B /* SnackFeedTests.xctest */;
			productType = "com.apple.product-type.bundle.unit-test";
		};
		AEC8975E1F82F7A60099E07B /* SnackFeedUITests */ = {
			isa = PBXNativeTarget;
			buildConfigurationList = AEC8976E1F82F7A60099E07B /* Build configuration list for PBXNativeTarget "SnackFeedUITests" */;
			buildPhases = (
				AEC8975B1F82F7A60099E07B /* Sources */,
				AEC8975C1F82F7A60099E07B /* Frameworks */,
				AEC8975D1F82F7A60099E07B /* Resources */,
			);
			buildRules = (
			);
			dependencies = (
				AEC897611F82F7A60099E07B /* PBXTargetDependency */,
			);
			name = SnackFeedUITests;
			productName = SnackFeedUITests;
			productReference = AEC8975F1F82F7A60099E07B /* SnackFeedUITests.xctest */;
			productType = "com.apple.product-type.bundle.ui-testing";
		};
/* End PBXNativeTarget section */

/* Begin PBXProject section */
		AEC897351F82F7A60099E07B /* Project object */ = {
			isa = PBXProject;
			attributes = {
				LastSwiftUpdateCheck = 0900;
				LastUpgradeCheck = 0900;
				ORGANIZATIONNAME = HeatherMasonDev;
				TargetAttributes = {
					AEC8973C1F82F7A60099E07B = {
						CreatedOnToolsVersion = 9.0;
						ProvisioningStyle = Automatic;
					};
					AEC897531F82F7A60099E07B = {
						CreatedOnToolsVersion = 9.0;
						ProvisioningStyle = Automatic;
						TestTargetID = AEC8973C1F82F7A60099E07B;
					};
					AEC8975E1F82F7A60099E07B = {
						CreatedOnToolsVersion = 9.0;
						ProvisioningStyle = Automatic;
						TestTargetID = AEC8973C1F82F7A60099E07B;
					};
				};
			};
			buildConfigurationList = AEC897381F82F7A60099E07B /* Build configuration list for PBXProject "SnackFeed" */;
			compatibilityVersion = "Xcode 8.0";
			developmentRegion = en;
			hasScannedForEncodings = 0;
			knownRegions = (
				en,
				Base,
			);
			mainGroup = AEC897341F82F7A60099E07B;
			productRefGroup = AEC8973E1F82F7A60099E07B /* Products */;
			projectDirPath = "";
			projectRoot = "";
			targets = (
				AEC8973C1F82F7A60099E07B /* SnackFeed */,
				AEC897531F82F7A60099E07B /* SnackFeedTests */,
				AEC8975E1F82F7A60099E07B /* SnackFeedUITests */,
			);
		};
/* End PBXProject section */

/* Begin PBXResourcesBuildPhase section */
		AEC8973B1F82F7A60099E07B /* Resources */ = {
			isa = PBXResourcesBuildPhase;
			buildActionMask = 2147483647;
			files = (
				AEC8974E1F82F7A60099E07B /* LaunchScreen.storyboard in Resources */,
				AEC8974B1F82F7A60099E07B /* Assets.xcassets in Resources */,
				AEE2F2411F9C680700F9F88C /* SnackFeed.ttf in Resources */,
				AEC897461F82F7A60099E07B /* Main.storyboard in Resources */,
			);
			runOnlyForDeploymentPostprocessing = 0;
		};
		AEC897521F82F7A60099E07B /* Resources */ = {
			isa = PBXResourcesBuildPhase;
			buildActionMask = 2147483647;
			files = (
			);
			runOnlyForDeploymentPostprocessing = 0;
		};
		AEC8975D1F82F7A60099E07B /* Resources */ = {
			isa = PBXResourcesBuildPhase;
			buildActionMask = 2147483647;
			files = (
			);
			runOnlyForDeploymentPostprocessing = 0;
		};
/* End PBXResourcesBuildPhase section */

/* Begin PBXShellScriptBuildPhase section */
		3A7291DB68F1E2324CD569F7 /* [CP] Check Pods Manifest.lock */ = {
			isa = PBXShellScriptBuildPhase;
			buildActionMask = 2147483647;
			files = (
			);
			inputPaths = (
				"${PODS_PODFILE_DIR_PATH}/Podfile.lock",
				"${PODS_ROOT}/Manifest.lock",
			);
			name = "[CP] Check Pods Manifest.lock";
			outputPaths = (
				"$(DERIVED_FILE_DIR)/Pods-SnackFeed-checkManifestLockResult.txt",
			);
			runOnlyForDeploymentPostprocessing = 0;
			shellPath = /bin/sh;
			shellScript = "diff \"${PODS_PODFILE_DIR_PATH}/Podfile.lock\" \"${PODS_ROOT}/Manifest.lock\" > /dev/null\nif [ $? != 0 ] ; then\n    # print error to STDERR\n    echo \"error: The sandbox is not in sync with the Podfile.lock. Run 'pod install' or update your CocoaPods installation.\" >&2\n    exit 1\nfi\n# This output is used by Xcode 'outputs' to avoid re-running this script phase.\necho \"SUCCESS\" > \"${SCRIPT_OUTPUT_FILE_0}\"\n";
			showEnvVarsInLog = 0;
		};
		62D6DF71C651D3F2E2E7EEB6 /* [CP] Copy Pods Resources */ = {
			isa = PBXShellScriptBuildPhase;
			buildActionMask = 2147483647;
			files = (
			);
			inputPaths = (
			);
			name = "[CP] Copy Pods Resources";
			outputPaths = (
			);
			runOnlyForDeploymentPostprocessing = 0;
			shellPath = /bin/sh;
			shellScript = "\"${SRCROOT}/Pods/Target Support Files/Pods-SnackFeed/Pods-SnackFeed-resources.sh\"\n";
			showEnvVarsInLog = 0;
		};
		9C94C1BEE4A79539790DD56D /* [CP] Embed Pods Frameworks */ = {
			isa = PBXShellScriptBuildPhase;
			buildActionMask = 2147483647;
			files = (
			);
			inputPaths = (
				"${SRCROOT}/Pods/Target Support Files/Pods-SnackFeed/Pods-SnackFeed-frameworks.sh",
				"${BUILT_PRODUCTS_DIR}/Alamofire/Alamofire.framework",
				"${BUILT_PRODUCTS_DIR}/AlamofireImage/AlamofireImage.framework",
			);
			name = "[CP] Embed Pods Frameworks";
			outputPaths = (
				"${TARGET_BUILD_DIR}/${FRAMEWORKS_FOLDER_PATH}/Alamofire.framework",
				"${TARGET_BUILD_DIR}/${FRAMEWORKS_FOLDER_PATH}/AlamofireImage.framework",
			);
			runOnlyForDeploymentPostprocessing = 0;
			shellPath = /bin/sh;
			shellScript = "\"${SRCROOT}/Pods/Target Support Files/Pods-SnackFeed/Pods-SnackFeed-frameworks.sh\"\n";
			showEnvVarsInLog = 0;
		};
/* End PBXShellScriptBuildPhase section */

/* Begin PBXSourcesBuildPhase section */
		AEC897391F82F7A60099E07B /* Sources */ = {
			isa = PBXSourcesBuildPhase;
			buildActionMask = 2147483647;
			files = (
				AECE504820201FDE00790A89 /* LoginViewController.swift in Sources */,
				AEC897721F84811F0099E07B /* SnackCell.swift in Sources */,
				AE20BD351FCA93C500BAE0F4 /* FeedNavigationController.swift in Sources */,
				AEC897431F82F7A60099E07B /* FeedViewController.swift in Sources */,
				AE661B7C1FD9249A002E6B7C /* CommentCell.swift in Sources */,
				AE20BD3B1FCBDAF100BAE0F4 /* SnackView.swift in Sources */,
				AEC897411F82F7A60099E07B /* AppDelegate.swift in Sources */,
				AE3B9A471FAAD17200C37543 /* Keys.swift in Sources */,
				AEC897491F82F7A60099E07B /* SnackFeed.xcdatamodeld in Sources */,
				AE20BD391FCB7EA700BAE0F4 /* Date+TimeAgo.swift in Sources */,
				AE20BD331FC91E7800BAE0F4 /* SnackViewController.swift in Sources */,
				AE8B92CD2017BC4800B839B7 /* AddSnackViewController.swift in Sources */,
				AEC728232007E6C200DD76F8 /* AddCommentView.swift in Sources */,
				AEEF830D1FA2F113009F307D /* UIColor.swift in Sources */,
			);
			runOnlyForDeploymentPostprocessing = 0;
		};
		AEC897501F82F7A60099E07B /* Sources */ = {
			isa = PBXSourcesBuildPhase;
			buildActionMask = 2147483647;
			files = (
				AEC897591F82F7A60099E07B /* SnackFeedTests.swift in Sources */,
			);
			runOnlyForDeploymentPostprocessing = 0;
		};
		AEC8975B1F82F7A60099E07B /* Sources */ = {
			isa = PBXSourcesBuildPhase;
			buildActionMask = 2147483647;
			files = (
				AEC897641F82F7A60099E07B /* SnackFeedUITests.swift in Sources */,
			);
			runOnlyForDeploymentPostprocessing = 0;
		};
/* End PBXSourcesBuildPhase section */

/* Begin PBXTargetDependency section */
		AEC897561F82F7A60099E07B /* PBXTargetDependency */ = {
			isa = PBXTargetDependency;
			target = AEC8973C1F82F7A60099E07B /* SnackFeed */;
			targetProxy = AEC897551F82F7A60099E07B /* PBXContainerItemProxy */;
		};
		AEC897611F82F7A60099E07B /* PBXTargetDependency */ = {
			isa = PBXTargetDependency;
			target = AEC8973C1F82F7A60099E07B /* SnackFeed */;
			targetProxy = AEC897601F82F7A60099E07B /* PBXContainerItemProxy */;
		};
/* End PBXTargetDependency section */

/* Begin PBXVariantGroup section */
		AEC897441F82F7A60099E07B /* Main.storyboard */ = {
			isa = PBXVariantGroup;
			children = (
				AEC897451F82F7A60099E07B /* Base */,
			);
			name = Main.storyboard;
			sourceTree = "<group>";
		};
		AEC8974C1F82F7A60099E07B /* LaunchScreen.storyboard */ = {
			isa = PBXVariantGroup;
			children = (
				AEC8974D1F82F7A60099E07B /* Base */,
			);
			name = LaunchScreen.storyboard;
			sourceTree = "<group>";
		};
/* End PBXVariantGroup section */

/* Begin XCBuildConfiguration section */
		AEC897661F82F7A60099E07B /* Debug */ = {
			isa = XCBuildConfiguration;
			buildSettings = {
				ALWAYS_SEARCH_USER_PATHS = NO;
				CLANG_ANALYZER_NONNULL = YES;
				CLANG_ANALYZER_NUMBER_OBJECT_CONVERSION = YES_AGGRESSIVE;
				CLANG_CXX_LANGUAGE_STANDARD = "gnu++14";
				CLANG_CXX_LIBRARY = "libc++";
				CLANG_ENABLE_MODULES = YES;
				CLANG_ENABLE_OBJC_ARC = YES;
				CLANG_WARN_BLOCK_CAPTURE_AUTORELEASING = YES;
				CLANG_WARN_BOOL_CONVERSION = YES;
				CLANG_WARN_COMMA = YES;
				CLANG_WARN_CONSTANT_CONVERSION = YES;
				CLANG_WARN_DIRECT_OBJC_ISA_USAGE = YES_ERROR;
				CLANG_WARN_DOCUMENTATION_COMMENTS = YES;
				CLANG_WARN_EMPTY_BODY = YES;
				CLANG_WARN_ENUM_CONVERSION = YES;
				CLANG_WARN_INFINITE_RECURSION = YES;
				CLANG_WARN_INT_CONVERSION = YES;
				CLANG_WARN_NON_LITERAL_NULL_CONVERSION = YES;
				CLANG_WARN_OBJC_LITERAL_CONVERSION = YES;
				CLANG_WARN_OBJC_ROOT_CLASS = YES_ERROR;
				CLANG_WARN_RANGE_LOOP_ANALYSIS = YES;
				CLANG_WARN_STRICT_PROTOTYPES = YES;
				CLANG_WARN_SUSPICIOUS_MOVE = YES;
				CLANG_WARN_UNGUARDED_AVAILABILITY = YES_AGGRESSIVE;
				CLANG_WARN_UNREACHABLE_CODE = YES;
				CLANG_WARN__DUPLICATE_METHOD_MATCH = YES;
				CODE_SIGN_IDENTITY = "iPhone Developer";
				COPY_PHASE_STRIP = NO;
				DEBUG_INFORMATION_FORMAT = dwarf;
				ENABLE_STRICT_OBJC_MSGSEND = YES;
				ENABLE_TESTABILITY = YES;
				GCC_C_LANGUAGE_STANDARD = gnu11;
				GCC_DYNAMIC_NO_PIC = NO;
				GCC_NO_COMMON_BLOCKS = YES;
				GCC_OPTIMIZATION_LEVEL = 0;
				GCC_PREPROCESSOR_DEFINITIONS = (
					"DEBUG=1",
					"$(inherited)",
				);
				GCC_WARN_64_TO_32_BIT_CONVERSION = YES;
				GCC_WARN_ABOUT_RETURN_TYPE = YES_ERROR;
				GCC_WARN_UNDECLARED_SELECTOR = YES;
				GCC_WARN_UNINITIALIZED_AUTOS = YES_AGGRESSIVE;
				GCC_WARN_UNUSED_FUNCTION = YES;
				GCC_WARN_UNUSED_VARIABLE = YES;
				IPHONEOS_DEPLOYMENT_TARGET = 11.0;
				MTL_ENABLE_DEBUG_INFO = YES;
				ONLY_ACTIVE_ARCH = YES;
				SDKROOT = iphoneos;
				SWIFT_ACTIVE_COMPILATION_CONDITIONS = DEBUG;
				SWIFT_OPTIMIZATION_LEVEL = "-Onone";
			};
			name = Debug;
		};
		AEC897671F82F7A60099E07B /* Release */ = {
			isa = XCBuildConfiguration;
			buildSettings = {
				ALWAYS_SEARCH_USER_PATHS = NO;
				CLANG_ANALYZER_NONNULL = YES;
				CLANG_ANALYZER_NUMBER_OBJECT_CONVERSION = YES_AGGRESSIVE;
				CLANG_CXX_LANGUAGE_STANDARD = "gnu++14";
				CLANG_CXX_LIBRARY = "libc++";
				CLANG_ENABLE_MODULES = YES;
				CLANG_ENABLE_OBJC_ARC = YES;
				CLANG_WARN_BLOCK_CAPTURE_AUTORELEASING = YES;
				CLANG_WARN_BOOL_CONVERSION = YES;
				CLANG_WARN_COMMA = YES;
				CLANG_WARN_CONSTANT_CONVERSION = YES;
				CLANG_WARN_DIRECT_OBJC_ISA_USAGE = YES_ERROR;
				CLANG_WARN_DOCUMENTATION_COMMENTS = YES;
				CLANG_WARN_EMPTY_BODY = YES;
				CLANG_WARN_ENUM_CONVERSION = YES;
				CLANG_WARN_INFINITE_RECURSION = YES;
				CLANG_WARN_INT_CONVERSION = YES;
				CLANG_WARN_NON_LITERAL_NULL_CONVERSION = YES;
				CLANG_WARN_OBJC_LITERAL_CONVERSION = YES;
				CLANG_WARN_OBJC_ROOT_CLASS = YES_ERROR;
				CLANG_WARN_RANGE_LOOP_ANALYSIS = YES;
				CLANG_WARN_STRICT_PROTOTYPES = YES;
				CLANG_WARN_SUSPICIOUS_MOVE = YES;
				CLANG_WARN_UNGUARDED_AVAILABILITY = YES_AGGRESSIVE;
				CLANG_WARN_UNREACHABLE_CODE = YES;
				CLANG_WARN__DUPLICATE_METHOD_MATCH = YES;
				CODE_SIGN_IDENTITY = "iPhone Developer";
				COPY_PHASE_STRIP = NO;
				DEBUG_INFORMATION_FORMAT = "dwarf-with-dsym";
				ENABLE_NS_ASSERTIONS = NO;
				ENABLE_STRICT_OBJC_MSGSEND = YES;
				GCC_C_LANGUAGE_STANDARD = gnu11;
				GCC_NO_COMMON_BLOCKS = YES;
				GCC_WARN_64_TO_32_BIT_CONVERSION = YES;
				GCC_WARN_ABOUT_RETURN_TYPE = YES_ERROR;
				GCC_WARN_UNDECLARED_SELECTOR = YES;
				GCC_WARN_UNINITIALIZED_AUTOS = YES_AGGRESSIVE;
				GCC_WARN_UNUSED_FUNCTION = YES;
				GCC_WARN_UNUSED_VARIABLE = YES;
				IPHONEOS_DEPLOYMENT_TARGET = 11.0;
				MTL_ENABLE_DEBUG_INFO = NO;
				SDKROOT = iphoneos;
				SWIFT_OPTIMIZATION_LEVEL = "-Owholemodule";
				VALIDATE_PRODUCT = YES;
			};
			name = Release;
		};
		AEC897691F82F7A60099E07B /* Debug */ = {
			isa = XCBuildConfiguration;
			baseConfigurationReference = 662C1D00A253B7F35AC276D8 /* Pods-SnackFeed.debug.xcconfig */;
			buildSettings = {
				ASSETCATALOG_COMPILER_APPICON_NAME = AppIcon;
				CODE_SIGN_STYLE = Automatic;
				DEVELOPMENT_TEAM = 766MQFJY2G;
				INFOPLIST_FILE = SnackFeed/Info.plist;
				LD_RUNPATH_SEARCH_PATHS = "$(inherited) @executable_path/Frameworks";
				PRODUCT_BUNDLE_IDENTIFIER = me.heatem.SnackFeed;
				PRODUCT_NAME = "$(TARGET_NAME)";
				SWIFT_VERSION = 4.0;
				TARGETED_DEVICE_FAMILY = "1,2";
			};
			name = Debug;
		};
		AEC8976A1F82F7A60099E07B /* Release */ = {
			isa = XCBuildConfiguration;
			baseConfigurationReference = 661FCCB8F51193D686326C8E /* Pods-SnackFeed.release.xcconfig */;
			buildSettings = {
				ASSETCATALOG_COMPILER_APPICON_NAME = AppIcon;
				CODE_SIGN_STYLE = Automatic;
				DEVELOPMENT_TEAM = 766MQFJY2G;
				INFOPLIST_FILE = SnackFeed/Info.plist;
				LD_RUNPATH_SEARCH_PATHS = "$(inherited) @executable_path/Frameworks";
				PRODUCT_BUNDLE_IDENTIFIER = me.heatem.SnackFeed;
				PRODUCT_NAME = "$(TARGET_NAME)";
				SWIFT_VERSION = 4.0;
				TARGETED_DEVICE_FAMILY = "1,2";
			};
			name = Release;
		};
		AEC8976C1F82F7A60099E07B /* Debug */ = {
			isa = XCBuildConfiguration;
			buildSettings = {
				ALWAYS_EMBED_SWIFT_STANDARD_LIBRARIES = YES;
				BUNDLE_LOADER = "$(TEST_HOST)";
				CODE_SIGN_STYLE = Automatic;
				DEVELOPMENT_TEAM = 766MQFJY2G;
				INFOPLIST_FILE = SnackFeedTests/Info.plist;
				LD_RUNPATH_SEARCH_PATHS = "$(inherited) @executable_path/Frameworks @loader_path/Frameworks";
				PRODUCT_BUNDLE_IDENTIFIER = me.heatem.SnackFeedTests;
				PRODUCT_NAME = "$(TARGET_NAME)";
				SWIFT_VERSION = 4.0;
				TARGETED_DEVICE_FAMILY = "1,2";
				TEST_HOST = "$(BUILT_PRODUCTS_DIR)/SnackFeed.app/SnackFeed";
			};
			name = Debug;
		};
		AEC8976D1F82F7A60099E07B /* Release */ = {
			isa = XCBuildConfiguration;
			buildSettings = {
				ALWAYS_EMBED_SWIFT_STANDARD_LIBRARIES = YES;
				BUNDLE_LOADER = "$(TEST_HOST)";
				CODE_SIGN_STYLE = Automatic;
				DEVELOPMENT_TEAM = 766MQFJY2G;
				INFOPLIST_FILE = SnackFeedTests/Info.plist;
				LD_RUNPATH_SEARCH_PATHS = "$(inherited) @executable_path/Frameworks @loader_path/Frameworks";
				PRODUCT_BUNDLE_IDENTIFIER = me.heatem.SnackFeedTests;
				PRODUCT_NAME = "$(TARGET_NAME)";
				SWIFT_VERSION = 4.0;
				TARGETED_DEVICE_FAMILY = "1,2";
				TEST_HOST = "$(BUILT_PRODUCTS_DIR)/SnackFeed.app/SnackFeed";
			};
			name = Release;
		};
		AEC8976F1F82F7A60099E07B /* Debug */ = {
			isa = XCBuildConfiguration;
			buildSettings = {
				ALWAYS_EMBED_SWIFT_STANDARD_LIBRARIES = YES;
				CODE_SIGN_STYLE = Automatic;
				DEVELOPMENT_TEAM = 766MQFJY2G;
				INFOPLIST_FILE = SnackFeedUITests/Info.plist;
				LD_RUNPATH_SEARCH_PATHS = "$(inherited) @executable_path/Frameworks @loader_path/Frameworks";
				PRODUCT_BUNDLE_IDENTIFIER = me.heatem.SnackFeedUITests;
				PRODUCT_NAME = "$(TARGET_NAME)";
				SWIFT_VERSION = 4.0;
				TARGETED_DEVICE_FAMILY = "1,2";
				TEST_TARGET_NAME = SnackFeed;
			};
			name = Debug;
		};
		AEC897701F82F7A60099E07B /* Release */ = {
			isa = XCBuildConfiguration;
			buildSettings = {
				ALWAYS_EMBED_SWIFT_STANDARD_LIBRARIES = YES;
				CODE_SIGN_STYLE = Automatic;
				DEVELOPMENT_TEAM = 766MQFJY2G;
				INFOPLIST_FILE = SnackFeedUITests/Info.plist;
				LD_RUNPATH_SEARCH_PATHS = "$(inherited) @executable_path/Frameworks @loader_path/Frameworks";
				PRODUCT_BUNDLE_IDENTIFIER = me.heatem.SnackFeedUITests;
				PRODUCT_NAME = "$(TARGET_NAME)";
				SWIFT_VERSION = 4.0;
				TARGETED_DEVICE_FAMILY = "1,2";
				TEST_TARGET_NAME = SnackFeed;
			};
			name = Release;
		};
/* End XCBuildConfiguration section */

/* Begin XCConfigurationList section */
		AEC897381F82F7A60099E07B /* Build configuration list for PBXProject "SnackFeed" */ = {
			isa = XCConfigurationList;
			buildConfigurations = (
				AEC897661F82F7A60099E07B /* Debug */,
				AEC897671F82F7A60099E07B /* Release */,
			);
			defaultConfigurationIsVisible = 0;
			defaultConfigurationName = Release;
		};
		AEC897681F82F7A60099E07B /* Build configuration list for PBXNativeTarget "SnackFeed" */ = {
			isa = XCConfigurationList;
			buildConfigurations = (
				AEC897691F82F7A60099E07B /* Debug */,
				AEC8976A1F82F7A60099E07B /* Release */,
			);
			defaultConfigurationIsVisible = 0;
			defaultConfigurationName = Release;
		};
		AEC8976B1F82F7A60099E07B /* Build configuration list for PBXNativeTarget "SnackFeedTests" */ = {
			isa = XCConfigurationList;
			buildConfigurations = (
				AEC8976C1F82F7A60099E07B /* Debug */,
				AEC8976D1F82F7A60099E07B /* Release */,
			);
			defaultConfigurationIsVisible = 0;
			defaultConfigurationName = Release;
		};
		AEC8976E1F82F7A60099E07B /* Build configuration list for PBXNativeTarget "SnackFeedUITests" */ = {
			isa = XCConfigurationList;
			buildConfigurations = (
				AEC8976F1F82F7A60099E07B /* Debug */,
				AEC897701F82F7A60099E07B /* Release */,
			);
			defaultConfigurationIsVisible = 0;
			defaultConfigurationName = Release;
		};
/* End XCConfigurationList section */

/* Begin XCVersionGroup section */
		AEC897471F82F7A60099E07B /* SnackFeed.xcdatamodeld */ = {
			isa = XCVersionGroup;
			children = (
				AEC897481F82F7A60099E07B /* SnackFeed.xcdatamodel */,
			);
			currentVersion = AEC897481F82F7A60099E07B /* SnackFeed.xcdatamodel */;
			path = SnackFeed.xcdatamodeld;
			sourceTree = "<group>";
			versionGroupType = wrapper.xcdatamodel;
		};
/* End XCVersionGroup section */
	};
	rootObject = AEC897351F82F7A60099E07B /* Project object */;
}
